
Microsoft Visual Studio Solution File, Format Version 12.00
# Visual Studio 15
VisualStudioVersion = 15.0.28307.1705
MinimumVisualStudioVersion = 10.0.40219.1
Project("{8BC9CEB8-8B4A-11D0-8D11-00A0C91BC942}") = "chess_puzzles", "chess_puzzles.vcxproj", "{E00E8D92-C86B-4C4B-9DD7-299A0311EA6E}"
EndProject
Global
	GlobalSection(SolutionConfigurationPlatforms) = preSolution
		Debug|x64 = Debug|x64
		Debug|x86 = Debug|x86
		Release|x64 = Release|x64
		Release|x86 = Release|x86
	EndGlobalSection
	GlobalSection(ProjectConfigurationPlatforms) = postSolution
		{E00E8D92-C86B-4C4B-9DD7-299A0311EA6E}.Debug|x64.ActiveCfg = Debug|x64
		{E00E8D92-C86B-4C4B-9DD7-299A0311EA6E}.Debug|x64.Build.0 = Debug|x64
		{E00E8D92-C86B-4C4B-9DD7-299A0311EA6E}.Debug|x86.ActiveCfg = Debug|Win32
		{E00E8D92-C86B-4C4B-9DD7-299A0311EA6E}.Debug|x86.Build.0 = Debug|Win32
		{E00E8D92-C86B-4C4B-9DD7-299A0311EA6E}.Release|x64.ActiveCfg = Release|x64
		{E00E8D92-C86B-4C4B-9DD7-299A0311EA6E}.Release|x64.Build.0 = Release|x64
		{E00E8D92-C86B-4C4B-9DD7-299A0311EA6E}.Release|x86.ActiveCfg = Release|Win32
		{E00E8D92-C86B-4C4B-9DD7-299A0311EA6E}.Release|x86.Build.0 = Release|Win32
	EndGlobalSection
	GlobalSection(SolutionProperties) = preSolution
		HideSolutionNode = FALSE
	EndGlobalSection
	GlobalSection(ExtensibilityGlobals) = postSolution
		SolutionGuid = {09F12FAF-9890-4AE4-8FFD-A286552E24C0}
	EndGlobalSection
EndGlobal
